
Microsoft Visual Studio Solution File, Format Version 12.00
# Visual Studio Version 17
VisualStudioVersion = 17.8.34322.80
MinimumVisualStudioVersion = 10.0.40219.1
Project("{FAE04EC0-301F-11D3-BF4B-00C04F79EFBC}") = "GlobalErrorHandlingDemo", "GlobalErrorHandlingDemo\GlobalErrorHandlingDemo.csproj", "{C0787B2B-A0CE-484B-85F1-22FAC3332FF0}"
EndProject
Global
	GlobalSection(SolutionConfigurationPlatforms) = preSolution
		Debug|Any CPU = Debug|Any CPU
		Release|Any CPU = Release|Any CPU
	EndGlobalSection
	GlobalSection(ProjectConfigurationPlatforms) = postSolution
		{C0787B2B-A0CE-484B-85F1-22FAC3332FF0}.Debug|Any CPU.ActiveCfg = Debug|Any CPU
		{C0787B2B-A0CE-484B-85F1-22FAC3332FF0}.Debug|Any CPU.Build.0 = Debug|Any CPU
		{C0787B2B-A0CE-484B-85F1-22FAC3332FF0}.Release|Any CPU.ActiveCfg = Release|Any CPU
		{C0787B2B-A0CE-484B-85F1-22FAC3332FF0}.Release|Any CPU.Build.0 = Release|Any CPU
	EndGlobalSection
	GlobalSection(SolutionProperties) = preSolution
		HideSolutionNode = FALSE
	EndGlobalSection
	GlobalSection(ExtensibilityGlobals) = postSolution
		SolutionGuid = {A3F500D4-D983-4C40-95EA-0D38DAB8365C}
	EndGlobalSection
EndGlobal
